
Microsoft Visual Studio Solution File, Format Version 12.00
# Visual Studio 15
VisualStudioVersion = 15.0.28307.438
MinimumVisualStudioVersion = 10.0.40219.1
Project("{8BC9CEB8-8B4A-11D0-8D11-00A0C91BC942}") = "20190313_HYBRID_IMAGE", "20190313_HYBRID_IMAGE\20190313_HYBRID_IMAGE.vcxproj", "{B941BB79-3FF7-490E-A5D1-C253365CCD81}"
EndProject
Global
	GlobalSection(SolutionConfigurationPlatforms) = preSolution
		Debug|x64 = Debug|x64
		Debug|x86 = Debug|x86
		Release|x64 = Release|x64
		Release|x86 = Release|x86
	EndGlobalSection
	GlobalSection(ProjectConfigurationPlatforms) = postSolution
		{B941BB79-3FF7-490E-A5D1-C253365CCD81}.Debug|x64.ActiveCfg = Debug|x64
		{B941BB79-3FF7-490E-A5D1-C253365CCD81}.Debug|x64.Build.0 = Debug|x64
		{B941BB79-3FF7-490E-A5D1-C253365CCD81}.Debug|x86.ActiveCfg = Debug|Win32
		{B941BB79-3FF7-490E-A5D1-C253365CCD81}.Debug|x86.Build.0 = Debug|Win32
		{B941BB79-3FF7-490E-A5D1-C253365CCD81}.Release|x64.ActiveCfg = Release|x64
		{B941BB79-3FF7-490E-A5D1-C253365CCD81}.Release|x64.Build.0 = Release|x64
		{B941BB79-3FF7-490E-A5D1-C253365CCD81}.Release|x86.ActiveCfg = Release|Win32
		{B941BB79-3FF7-490E-A5D1-C253365CCD81}.Release|x86.Build.0 = Release|Win32
	EndGlobalSection
	GlobalSection(SolutionProperties) = preSolution
		HideSolutionNode = FALSE
	EndGlobalSection
	GlobalSection(ExtensibilityGlobals) = postSolution
		SolutionGuid = {F66C37C2-CECA-42D7-9702-5A6F61A3566E}
	EndGlobalSection
EndGlobal
